// !$*UTF8*$!
{
	archiveVersion = 1;
	classes = {
	};
	objectVersion = 50;
	objects = {

/* Begin PBXBuildFile section */
		479868E525ABB07F00340BF3 /* Darussalam_Masjid_iOS_appApp.swift in Sources */ = {isa = PBXBuildFile; fileRef = 479868E425ABB07F00340BF3 /* Darussalam_Masjid_iOS_appApp.swift */; };
		479868E725ABB07F00340BF3 /* ContentView.swift in Sources */ = {isa = PBXBuildFile; fileRef = 479868E625ABB07F00340BF3 /* ContentView.swift */; };
		479868E925ABB08100340BF3 /* Assets.xcassets in Resources */ = {isa = PBXBuildFile; fileRef = 479868E825ABB08100340BF3 /* Assets.xcassets */; };
		479868EC25ABB08100340BF3 /* Preview Assets.xcassets in Resources */ = {isa = PBXBuildFile; fileRef = 479868EB25ABB08100340BF3 /* Preview Assets.xcassets */; };
		479868F725ABB08100340BF3 /* Darussalam_Masjid_iOS_appTests.swift in Sources */ = {isa = PBXBuildFile; fileRef = 479868F625ABB08100340BF3 /* Darussalam_Masjid_iOS_appTests.swift */; };
		4798690225ABB08100340BF3 /* Darussalam_Masjid_iOS_appUITests.swift in Sources */ = {isa = PBXBuildFile; fileRef = 4798690125ABB08100340BF3 /* Darussalam_Masjid_iOS_appUITests.swift */; };
		4798691325ABB1F300340BF3 /* webview.swift in Sources */ = {isa = PBXBuildFile; fileRef = 4798691225ABB1F300340BF3 /* webview.swift */; };
/* End PBXBuildFile section */

/* Begin PBXContainerItemProxy section */
		479868F325ABB08100340BF3 /* PBXContainerItemProxy */ = {
			isa = PBXContainerItemProxy;
			containerPortal = 479868D925ABB07F00340BF3 /* Project object */;
			proxyType = 1;
			remoteGlobalIDString = 479868E025ABB07F00340BF3;
			remoteInfo = "Darussalam Masjid iOS app";
		};
		479868FE25ABB08100340BF3 /* PBXContainerItemProxy */ = {
			isa = PBXContainerItemProxy;
			containerPortal = 479868D925ABB07F00340BF3 /* Project object */;
			proxyType = 1;
			remoteGlobalIDString = 479868E025ABB07F00340BF3;
			remoteInfo = "Darussalam Masjid iOS app";
		};
/* End PBXContainerItemProxy section */

/* Begin PBXFileReference section */
		479868E125ABB07F00340BF3 /* Darussalam Masjid iOS app.app */ = {isa = PBXFileReference; explicitFileType = wrapper.application; includeInIndex = 0; path = "Darussalam Masjid iOS app.app"; sourceTree = BUILT_PRODUCTS_DIR; };
		479868E425ABB07F00340BF3 /* Darussalam_Masjid_iOS_appApp.swift */ = {isa = PBXFileReference; lastKnownFileType = sourcecode.swift; path = Darussalam_Masjid_iOS_appApp.swift; sourceTree = "<group>"; };
		479868E625ABB07F00340BF3 /* ContentView.swift */ = {isa = PBXFileReference; lastKnownFileType = sourcecode.swift; path = ContentView.swift; sourceTree = "<group>"; };
		479868E825ABB08100340BF3 /* Assets.xcassets */ = {isa = PBXFileReference; lastKnownFileType = folder.assetcatalog; path = Assets.xcassets; sourceTree = "<group>"; };
		479868EB25ABB08100340BF3 /* Preview Assets.xcassets */ = {isa = PBXFileReference; lastKnownFileType = folder.assetcatalog; path = "Preview Assets.xcassets"; sourceTree = "<group>"; };
		479868ED25ABB08100340BF3 /* Info.plist */ = {isa = PBXFileReference; lastKnownFileType = text.plist.xml; path = Info.plist; sourceTree = "<group>"; };
		479868F225ABB08100340BF3 /* Darussalam Masjid iOS appTests.xctest */ = {isa = PBXFileReference; explicitFileType = wrapper.cfbundle; includeInIndex = 0; path = "Darussalam Masjid iOS appTests.xctest"; sourceTree = BUILT_PRODUCTS_DIR; };
		479868F625ABB08100340BF3 /* Darussalam_Masjid_iOS_appTests.swift */ = {isa = PBXFileReference; lastKnownFileType = sourcecode.swift; path = Darussalam_Masjid_iOS_appTests.swift; sourceTree = "<group>"; };
		479868F825ABB08100340BF3 /* Info.plist */ = {isa = PBXFileReference; lastKnownFileType = text.plist.xml; path = Info.plist; sourceTree = "<group>"; };
		479868FD25ABB08100340BF3 /* Darussalam Masjid iOS appUITests.xctest */ = {isa = PBXFileReference; explicitFileType = wrapper.cfbundle; includeInIndex = 0; path = "Darussalam Masjid iOS appUITests.xctest"; sourceTree = BUILT_PRODUCTS_DIR; };
		4798690125ABB08100340BF3 /* Darussalam_Masjid_iOS_appUITests.swift */ = {isa = PBXFileReference; lastKnownFileType = sourcecode.swift; path = Darussalam_Masjid_iOS_appUITests.swift; sourceTree = "<group>"; };
		4798690325ABB08100340BF3 /* Info.plist */ = {isa = PBXFileReference; lastKnownFileType = text.plist.xml; path = Info.plist; sourceTree = "<group>"; };
		4798691225ABB1F300340BF3 /* webview.swift */ = {isa = PBXFileReference; lastKnownFileType = sourcecode.swift; path = webview.swift; sourceTree = "<group>"; };
/* End PBXFileReference section */

/* Begin PBXFrameworksBuildPhase section */
		479868DE25ABB07F00340BF3 /* Frameworks */ = {
			isa = PBXFrameworksBuildPhase;
			buildActionMask = 2147483647;
			files = (
			);
			runOnlyForDeploymentPostprocessing = 0;
		};
		479868EF25ABB08100340BF3 /* Frameworks */ = {
			isa = PBXFrameworksBuildPhase;
			buildActionMask = 2147483647;
			files = (
			);
			runOnlyForDeploymentPostprocessing = 0;
		};
		479868FA25ABB08100340BF3 /* Frameworks */ = {
			isa = PBXFrameworksBuildPhase;
			buildActionMask = 2147483647;
			files = (
			);
			runOnlyForDeploymentPostprocessing = 0;
		};
/* End PBXFrameworksBuildPhase section */

/* Begin PBXGroup section */
		479868D825ABB07F00340BF3 = {
			isa = PBXGroup;
			children = (
				479868E325ABB07F00340BF3 /* Darussalam Masjid iOS app */,
				479868F525ABB08100340BF3 /* Darussalam Masjid iOS appTests */,
				4798690025ABB08100340BF3 /* Darussalam Masjid iOS appUITests */,
				479868E225ABB07F00340BF3 /* Products */,
			);
			sourceTree = "<group>";
		};
		479868E225ABB07F00340BF3 /* Products */ = {
			isa = PBXGroup;
			children = (
				479868E125ABB07F00340BF3 /* Darussalam Masjid iOS app.app */,
				479868F225ABB08100340BF3 /* Darussalam Masjid iOS appTests.xctest */,
				479868FD25ABB08100340BF3 /* Darussalam Masjid iOS appUITests.xctest */,
			);
			name = Products;
			sourceTree = "<group>";
		};
		479868E325ABB07F00340BF3 /* Darussalam Masjid iOS app */ = {
			isa = PBXGroup;
			children = (
				479868E425ABB07F00340BF3 /* Darussalam_Masjid_iOS_appApp.swift */,
				479868E625ABB07F00340BF3 /* ContentView.swift */,
				479868E825ABB08100340BF3 /* Assets.xcassets */,
				479868ED25ABB08100340BF3 /* Info.plist */,
				479868EA25ABB08100340BF3 /* Preview Content */,
				4798691225ABB1F300340BF3 /* webview.swift */,
			);
			path = "Darussalam Masjid iOS app";
			sourceTree = "<group>";
		};
		479868EA25ABB08100340BF3 /* Preview Content */ = {
			isa = PBXGroup;
			children = (
				479868EB25ABB08100340BF3 /* Preview Assets.xcassets */,
			);
			path = "Preview Content";
			sourceTree = "<group>";
		};
		479868F525ABB08100340BF3 /* Darussalam Masjid iOS appTests */ = {
			isa = PBXGroup;
			children = (
				479868F625ABB08100340BF3 /* Darussalam_Masjid_iOS_appTests.swift */,
				479868F825ABB08100340BF3 /* Info.plist */,
			);
			path = "Darussalam Masjid iOS appTests";
			sourceTree = "<group>";
		};
		4798690025ABB08100340BF3 /* Darussalam Masjid iOS appUITests */ = {
			isa = PBXGroup;
			children = (
				4798690125ABB08100340BF3 /* Darussalam_Masjid_iOS_appUITests.swift */,
				4798690325ABB08100340BF3 /* Info.plist */,
			);
			path = "Darussalam Masjid iOS appUITests";
			sourceTree = "<group>";
		};
/* End PBXGroup section */

/* Begin PBXNativeTarget section */
		479868E025ABB07F00340BF3 /* Darussalam Masjid iOS app */ = {
			isa = PBXNativeTarget;
			buildConfigurationList = 4798690625ABB08100340BF3 /* Build configuration list for PBXNativeTarget "Darussalam Masjid iOS app" */;
			buildPhases = (
				479868DD25ABB07F00340BF3 /* Sources */,
				479868DE25ABB07F00340BF3 /* Frameworks */,
				479868DF25ABB07F00340BF3 /* Resources */,
			);
			buildRules = (
			);
			dependencies = (
			);
			name = "Darussalam Masjid iOS app";
			productName = "Darussalam Masjid iOS app";
			productReference = 479868E125ABB07F00340BF3 /* Darussalam Masjid iOS app.app */;
			productType = "com.apple.product-type.application";
		};
		479868F125ABB08100340BF3 /* Darussalam Masjid iOS appTests */ = {
			isa = PBXNativeTarget;
			buildConfigurationList = 4798690925ABB08100340BF3 /* Build configuration list for PBXNativeTarget "Darussalam Masjid iOS appTests" */;
			buildPhases = (
				479868EE25ABB08100340BF3 /* Sources */,
				479868EF25ABB08100340BF3 /* Frameworks */,
				479868F025ABB08100340BF3 /* Resources */,
			);
			buildRules = (
			);
			dependencies = (
				479868F425ABB08100340BF3 /* PBXTargetDependency */,
			);
			name = "Darussalam Masjid iOS appTests";
			productName = "Darussalam Masjid iOS appTests";
			productReference = 479868F225ABB08100340BF3 /* Darussalam Masjid iOS appTests.xctest */;
			productType = "com.apple.product-type.bundle.unit-test";
		};
		479868FC25ABB08100340BF3 /* Darussalam Masjid iOS appUITests */ = {
			isa = PBXNativeTarget;
			buildConfigurationList = 4798690C25ABB08100340BF3 /* Build configuration list for PBXNativeTarget "Darussalam Masjid iOS appUITests" */;
			buildPhases = (
				479868F925ABB08100340BF3 /* Sources */,
				479868FA25ABB08100340BF3 /* Frameworks */,
				479868FB25ABB08100340BF3 /* Resources */,
			);
			buildRules = (
			);
			dependencies = (
				479868FF25ABB08100340BF3 /* PBXTargetDependency */,
			);
			name = "Darussalam Masjid iOS appUITests";
			productName = "Darussalam Masjid iOS appUITests";
			productReference = 479868FD25ABB08100340BF3 /* Darussalam Masjid iOS appUITests.xctest */;
			productType = "com.apple.product-type.bundle.ui-testing";
		};
/* End PBXNativeTarget section */

/* Begin PBXProject section */
		479868D925ABB07F00340BF3 /* Project object */ = {
			isa = PBXProject;
			attributes = {
				LastSwiftUpdateCheck = 1230;
				LastUpgradeCheck = 1230;
				TargetAttributes = {
					479868E025ABB07F00340BF3 = {
						CreatedOnToolsVersion = 12.3;
					};
					479868F125ABB08100340BF3 = {
						CreatedOnToolsVersion = 12.3;
						TestTargetID = 479868E025ABB07F00340BF3;
					};
					479868FC25ABB08100340BF3 = {
						CreatedOnToolsVersion = 12.3;
						TestTargetID = 479868E025ABB07F00340BF3;
					};
				};
			};
			buildConfigurationList = 479868DC25ABB07F00340BF3 /* Build configuration list for PBXProject "Darussalam Masjid iOS app" */;
			compatibilityVersion = "Xcode 9.3";
			developmentRegion = en;
			hasScannedForEncodings = 0;
			knownRegions = (
				en,
				Base,
			);
			mainGroup = 479868D825ABB07F00340BF3;
			productRefGroup = 479868E225ABB07F00340BF3 /* Products */;
			projectDirPath = "";
			projectRoot = "";
			targets = (
				479868E025ABB07F00340BF3 /* Darussalam Masjid iOS app */,
				479868F125ABB08100340BF3 /* Darussalam Masjid iOS appTests */,
				479868FC25ABB08100340BF3 /* Darussalam Masjid iOS appUITests */,
			);
		};
/* End PBXProject section */

/* Begin PBXResourcesBuildPhase section */
		479868DF25ABB07F00340BF3 /* Resources */ = {
			isa = PBXResourcesBuildPhase;
			buildActionMask = 2147483647;
			files = (
				479868EC25ABB08100340BF3 /* Preview Assets.xcassets in Resources */,
				479868E925ABB08100340BF3 /* Assets.xcassets in Resources */,
			);
			runOnlyForDeploymentPostprocessing = 0;
		};
		479868F025ABB08100340BF3 /* Resources */ = {
			isa = PBXResourcesBuildPhase;
			buildActionMask = 2147483647;
			files = (
			);
			runOnlyForDeploymentPostprocessing = 0;
		};
		479868FB25ABB08100340BF3 /* Resources */ = {
			isa = PBXResourcesBuildPhase;
			buildActionMask = 2147483647;
			files = (
			);
			runOnlyForDeploymentPostprocessing = 0;
		};
/* End PBXResourcesBuildPhase section */

/* Begin PBXSourcesBuildPhase section */
		479868DD25ABB07F00340BF3 /* Sources */ = {
			isa = PBXSourcesBuildPhase;
			buildActionMask = 2147483647;
			files = (
				479868E725ABB07F00340BF3 /* ContentView.swift in Sources */,
				4798691325ABB1F300340BF3 /* webview.swift in Sources */,
				479868E525ABB07F00340BF3 /* Darussalam_Masjid_iOS_appApp.swift in Sources */,
			);
			runOnlyForDeploymentPostprocessing = 0;
		};
		479868EE25ABB08100340BF3 /* Sources */ = {
			isa = PBXSourcesBuildPhase;
			buildActionMask = 2147483647;
			files = (
				479868F725ABB08100340BF3 /* Darussalam_Masjid_iOS_appTests.swift in Sources */,
			);
			runOnlyForDeploymentPostprocessing = 0;
		};
		479868F925ABB08100340BF3 /* Sources */ = {
			isa = PBXSourcesBuildPhase;
			buildActionMask = 2147483647;
			files = (
				4798690225ABB08100340BF3 /* Darussalam_Masjid_iOS_appUITests.swift in Sources */,
			);
			runOnlyForDeploymentPostprocessing = 0;
		};
/* End PBXSourcesBuildPhase section */

/* Begin PBXTargetDependency section */
		479868F425ABB08100340BF3 /* PBXTargetDependency */ = {
			isa = PBXTargetDependency;
			target = 479868E025ABB07F00340BF3 /* Darussalam Masjid iOS app */;
			targetProxy = 479868F325ABB08100340BF3 /* PBXContainerItemProxy */;
		};
		479868FF25ABB08100340BF3 /* PBXTargetDependency */ = {
			isa = PBXTargetDependency;
			target = 479868E025ABB07F00340BF3 /* Darussalam Masjid iOS app */;
			targetProxy = 479868FE25ABB08100340BF3 /* PBXContainerItemProxy */;
		};
/* End PBXTargetDependency section */

/* Begin XCBuildConfiguration section */
		4798690425ABB08100340BF3 /* Debug */ = {
			isa = XCBuildConfiguration;
			buildSettings = {
				ALWAYS_SEARCH_USER_PATHS = NO;
				CLANG_ANALYZER_NONNULL = YES;
				CLANG_ANALYZER_NUMBER_OBJECT_CONVERSION = YES_AGGRESSIVE;
				CLANG_CXX_LANGUAGE_STANDARD = "gnu++14";
				CLANG_CXX_LIBRARY = "libc++";
				CLANG_ENABLE_MODULES = YES;
				CLANG_ENABLE_OBJC_ARC = YES;
				CLANG_ENABLE_OBJC_WEAK = YES;
				CLANG_WARN_BLOCK_CAPTURE_AUTORELEASING = YES;
				CLANG_WARN_BOOL_CONVERSION = YES;
				CLANG_WARN_COMMA = YES;
				CLANG_WARN_CONSTANT_CONVERSION = YES;
				CLANG_WARN_DEPRECATED_OBJC_IMPLEMENTATIONS = YES;
				CLANG_WARN_DIRECT_OBJC_ISA_USAGE = YES_ERROR;
				CLANG_WARN_DOCUMENTATION_COMMENTS = YES;
				CLANG_WARN_EMPTY_BODY = YES;
				CLANG_WARN_ENUM_CONVERSION = YES;
				CLANG_WARN_INFINITE_RECURSION = YES;
				CLANG_WARN_INT_CONVERSION = YES;
				CLANG_WARN_NON_LITERAL_NULL_CONVERSION = YES;
				CLANG_WARN_OBJC_IMPLICIT_RETAIN_SELF = YES;
				CLANG_WARN_OBJC_LITERAL_CONVERSION = YES;
				CLANG_WARN_OBJC_ROOT_CLASS = YES_ERROR;
				CLANG_WARN_QUOTED_INCLUDE_IN_FRAMEWORK_HEADER = YES;
				CLANG_WARN_RANGE_LOOP_ANALYSIS = YES;
				CLANG_WARN_STRICT_PROTOTYPES = YES;
				CLANG_WARN_SUSPICIOUS_MOVE = YES;
				CLANG_WARN_UNGUARDED_AVAILABILITY = YES_AGGRESSIVE;
				CLANG_WARN_UNREACHABLE_CODE = YES;
				CLANG_WARN__DUPLICATE_METHOD_MATCH = YES;
				COPY_PHASE_STRIP = NO;
				DEBUG_INFORMATION_FORMAT = dwarf;
				ENABLE_STRICT_OBJC_MSGSEND = YES;
				ENABLE_TESTABILITY = YES;
				GCC_C_LANGUAGE_STANDARD = gnu11;
				GCC_DYNAMIC_NO_PIC = NO;
				GCC_NO_COMMON_BLOCKS = YES;
				GCC_OPTIMIZATION_LEVEL = 0;
				GCC_PREPROCESSOR_DEFINITIONS = (
					"DEBUG=1",
					"$(inherited)",
				);
				GCC_WARN_64_TO_32_BIT_CONVERSION = YES;
				GCC_WARN_ABOUT_RETURN_TYPE = YES_ERROR;
				GCC_WARN_UNDECLARED_SELECTOR = YES;
				GCC_WARN_UNINITIALIZED_AUTOS = YES_AGGRESSIVE;
				GCC_WARN_UNUSED_FUNCTION = YES;
				GCC_WARN_UNUSED_VARIABLE = YES;
				IPHONEOS_DEPLOYMENT_TARGET = 14.3;
				MTL_ENABLE_DEBUG_INFO = INCLUDE_SOURCE;
				MTL_FAST_MATH = YES;
				ONLY_ACTIVE_ARCH = YES;
				SDKROOT = iphoneos;
				SWIFT_ACTIVE_COMPILATION_CONDITIONS = DEBUG;
				SWIFT_OPTIMIZATION_LEVEL = "-Onone";
			};
			name = Debug;
		};
		4798690525ABB08100340BF3 /* Release */ = {
			isa = XCBuildConfiguration;
			buildSettings = {
				ALWAYS_SEARCH_USER_PATHS = NO;
				CLANG_ANALYZER_NONNULL = YES;
				CLANG_ANALYZER_NUMBER_OBJECT_CONVERSION = YES_AGGRESSIVE;
				CLANG_CXX_LANGUAGE_STANDARD = "gnu++14";
				CLANG_CXX_LIBRARY = "libc++";
				CLANG_ENABLE_MODULES = YES;
				CLANG_ENABLE_OBJC_ARC = YES;
				CLANG_ENABLE_OBJC_WEAK = YES;
				CLANG_WARN_BLOCK_CAPTURE_AUTORELEASING = YES;
				CLANG_WARN_BOOL_CONVERSION = YES;
				CLANG_WARN_COMMA = YES;
				CLANG_WARN_CONSTANT_CONVERSION = YES;
				CLANG_WARN_DEPRECATED_OBJC_IMPLEMENTATIONS = YES;
				CLANG_WARN_DIRECT_OBJC_ISA_USAGE = YES_ERROR;
				CLANG_WARN_DOCUMENTATION_COMMENTS = YES;
				CLANG_WARN_EMPTY_BODY = YES;
				CLANG_WARN_ENUM_CONVERSION = YES;
				CLANG_WARN_INFINITE_RECURSION = YES;
				CLANG_WARN_INT_CONVERSION = YES;
				CLANG_WARN_NON_LITERAL_NULL_CONVERSION = YES;
				CLANG_WARN_OBJC_IMPLICIT_RETAIN_SELF = YES;
				CLANG_WARN_OBJC_LITERAL_CONVERSION = YES;
				CLANG_WARN_OBJC_ROOT_CLASS = YES_ERROR;
				CLANG_WARN_QUOTED_INCLUDE_IN_FRAMEWORK_HEADER = YES;
				CLANG_WARN_RANGE_LOOP_ANALYSIS = YES;
				CLANG_WARN_STRICT_PROTOTYPES = YES;
				CLANG_WARN_SUSPICIOUS_MOVE = YES;
				CLANG_WARN_UNGUARDED_AVAILABILITY = YES_AGGRESSIVE;
				CLANG_WARN_UNREACHABLE_CODE = YES;
				CLANG_WARN__DUPLICATE_METHOD_MATCH = YES;
				COPY_PHASE_STRIP = NO;
				DEBUG_INFORMATION_FORMAT = "dwarf-with-dsym";
				ENABLE_NS_ASSERTIONS = NO;
				ENABLE_STRICT_OBJC_MSGSEND = YES;
				GCC_C_LANGUAGE_STANDARD = gnu11;
				GCC_NO_COMMON_BLOCKS = YES;
				GCC_WARN_64_TO_32_BIT_CONVERSION = YES;
				GCC_WARN_ABOUT_RETURN_TYPE = YES_ERROR;
				GCC_WARN_UNDECLARED_SELECTOR = YES;
				GCC_WARN_UNINITIALIZED_AUTOS = YES_AGGRESSIVE;
				GCC_WARN_UNUSED_FUNCTION = YES;
				GCC_WARN_UNUSED_VARIABLE = YES;
				IPHONEOS_DEPLOYMENT_TARGET = 14.3;
				MTL_ENABLE_DEBUG_INFO = NO;
				MTL_FAST_MATH = YES;
				SDKROOT = iphoneos;
				SWIFT_COMPILATION_MODE = wholemodule;
				SWIFT_OPTIMIZATION_LEVEL = "-O";
				VALIDATE_PRODUCT = YES;
			};
			name = Release;
		};
		4798690725ABB08100340BF3 /* Debug */ = {
			isa = XCBuildConfiguration;
			buildSettings = {
				ASSETCATALOG_COMPILER_APPICON_NAME = AppIcon;
				ASSETCATALOG_COMPILER_GLOBAL_ACCENT_COLOR_NAME = AccentColor;
				CODE_SIGN_STYLE = Automatic;
				DEVELOPMENT_ASSET_PATHS = "\"Darussalam Masjid iOS app/Preview Content\"";
				ENABLE_PREVIEWS = YES;
				INFOPLIST_FILE = "Darussalam Masjid iOS app/Info.plist";
				IPHONEOS_DEPLOYMENT_TARGET = 14.0;
				LD_RUNPATH_SEARCH_PATHS = (
					"$(inherited)",
					"@executable_path/Frameworks",
				);
				PRODUCT_BUNDLE_IDENTIFIER = "dec.Darussalam-Masjid-iOS-app";
				PRODUCT_NAME = "$(TARGET_NAME)";
				SWIFT_VERSION = 5.0;
				TARGETED_DEVICE_FAMILY = "1,2";
			};
			name = Debug;
		};
		4798690825ABB08100340BF3 /* Release */ = {
			isa = XCBuildConfiguration;
			buildSettings = {
				ASSETCATALOG_COMPILER_APPICON_NAME = AppIcon;
				ASSETCATALOG_COMPILER_GLOBAL_ACCENT_COLOR_NAME = AccentColor;
				CODE_SIGN_STYLE = Automatic;
				DEVELOPMENT_ASSET_PATHS = "\"Darussalam Masjid iOS app/Preview Content\"";
				ENABLE_PREVIEWS = YES;
				INFOPLIST_FILE = "Darussalam Masjid iOS app/Info.plist";
				IPHONEOS_DEPLOYMENT_TARGET = 14.0;
				LD_RUNPATH_SEARCH_PATHS = (
					"$(inherited)",
					"@executable_path/Frameworks",
				);
				PRODUCT_BUNDLE_IDENTIFIER = "dec.Darussalam-Masjid-iOS-app";
				PRODUCT_NAME = "$(TARGET_NAME)";
				SWIFT_VERSION = 5.0;
				TARGETED_DEVICE_FAMILY = "1,2";
			};
			name = Release;
		};
		4798690A25ABB08100340BF3 /* Debug */ = {
			isa = XCBuildConfiguration;
			buildSettings = {
				ALWAYS_EMBED_SWIFT_STANDARD_LIBRARIES = YES;
				BUNDLE_LOADER = "$(TEST_HOST)";
				CODE_SIGN_STYLE = Automatic;
				INFOPLIST_FILE = "Darussalam Masjid iOS appTests/Info.plist";
				IPHONEOS_DEPLOYMENT_TARGET = 14.0;
				LD_RUNPATH_SEARCH_PATHS = (
					"$(inherited)",
					"@executable_path/Frameworks",
					"@loader_path/Frameworks",
				);
				PRODUCT_BUNDLE_IDENTIFIER = "dec.Darussalam-Masjid-iOS-appTests";
				PRODUCT_NAME = "$(TARGET_NAME)";
				SWIFT_VERSION = 5.0;
				TARGETED_DEVICE_FAMILY = "1,2";
				TEST_HOST = "$(BUILT_PRODUCTS_DIR)/Darussalam Masjid iOS app.app/Darussalam Masjid iOS app";
			};
			name = Debug;
		};
		4798690B25ABB08100340BF3 /* Release */ = {
			isa = XCBuildConfiguration;
			buildSettings = {
				ALWAYS_EMBED_SWIFT_STANDARD_LIBRARIES = YES;
				BUNDLE_LOADER = "$(TEST_HOST)";
				CODE_SIGN_STYLE = Automatic;
				INFOPLIST_FILE = "Darussalam Masjid iOS appTests/Info.plist";
				IPHONEOS_DEPLOYMENT_TARGET = 14.0;
				LD_RUNPATH_SEARCH_PATHS = (
					"$(inherited)",
					"@executable_path/Frameworks",
					"@loader_path/Frameworks",
				);
				PRODUCT_BUNDLE_IDENTIFIER = "dec.Darussalam-Masjid-iOS-appTests";
				PRODUCT_NAME = "$(TARGET_NAME)";
				SWIFT_VERSION = 5.0;
				TARGETED_DEVICE_FAMILY = "1,2";
				TEST_HOST = "$(BUILT_PRODUCTS_DIR)/Darussalam Masjid iOS app.app/Darussalam Masjid iOS app";
			};
			name = Release;
		};
		4798690D25ABB08100340BF3 /* Debug */ = {
			isa = XCBuildConfiguration;
			buildSettings = {
				ALWAYS_EMBED_SWIFT_STANDARD_LIBRARIES = YES;
				CODE_SIGN_STYLE = Automatic;
				INFOPLIST_FILE = "Darussalam Masjid iOS appUITests/Info.plist";
				LD_RUNPATH_SEARCH_PATHS = (
					"$(inherited)",
					"@executable_path/Frameworks",
					"@loader_path/Frameworks",
				);
				PRODUCT_BUNDLE_IDENTIFIER = "dec.Darussalam-Masjid-iOS-appUITests";
				PRODUCT_NAME = "$(TARGET_NAME)";
				SWIFT_VERSION = 5.0;
				TARGETED_DEVICE_FAMILY = "1,2";
				TEST_TARGET_NAME = "Darussalam Masjid iOS app";
			};
			name = Debug;
		};
		4798690E25ABB08100340BF3 /* Release */ = {
			isa = XCBuildConfiguration;
			buildSettings = {
				ALWAYS_EMBED_SWIFT_STANDARD_LIBRARIES = YES;
				CODE_SIGN_STYLE = Automatic;
				INFOPLIST_FILE = "Darussalam Masjid iOS appUITests/Info.plist";
				LD_RUNPATH_SEARCH_PATHS = (
					"$(inherited)",
					"@executable_path/Frameworks",
					"@loader_path/Frameworks",
				);
				PRODUCT_BUNDLE_IDENTIFIER = "dec.Darussalam-Masjid-iOS-appUITests";
				PRODUCT_NAME = "$(TARGET_NAME)";
				SWIFT_VERSION = 5.0;
				TARGETED_DEVICE_FAMILY = "1,2";
				TEST_TARGET_NAME = "Darussalam Masjid iOS app";
			};
			name = Release;
		};
/* End XCBuildConfiguration section */

/* Begin XCConfigurationList section */
		479868DC25ABB07F00340BF3 /* Build configuration list for PBXProject "Darussalam Masjid iOS app" */ = {
			isa = XCConfigurationList;
			buildConfigurations = (
				4798690425ABB08100340BF3 /* Debug */,
				4798690525ABB08100340BF3 /* Release */,
			);
			defaultConfigurationIsVisible = 0;
			defaultConfigurationName = Release;
		};
		4798690625ABB08100340BF3 /* Build configuration list for PBXNativeTarget "Darussalam Masjid iOS app" */ = {
			isa = XCConfigurationList;
			buildConfigurations = (
				4798690725ABB08100340BF3 /* Debug */,
				4798690825ABB08100340BF3 /* Release */,
			);
			defaultConfigurationIsVisible = 0;
			defaultConfigurationName = Release;
		};
		4798690925ABB08100340BF3 /* Build configuration list for PBXNativeTarget "Darussalam Masjid iOS appTests" */ = {
			isa = XCConfigurationList;
			buildConfigurations = (
				4798690A25ABB08100340BF3 /* Debug */,
				4798690B25ABB08100340BF3 /* Release */,
			);
			defaultConfigurationIsVisible = 0;
			defaultConfigurationName = Release;
		};
		4798690C25ABB08100340BF3 /* Build configuration list for PBXNativeTarget "Darussalam Masjid iOS appUITests" */ = {
			isa = XCConfigurationList;
			buildConfigurations = (
				4798690D25ABB08100340BF3 /* Debug */,
				4798690E25ABB08100340BF3 /* Release */,
			);
			defaultConfigurationIsVisible = 0;
			defaultConfigurationName = Release;
		};
/* End XCConfigurationList section */
	};
	rootObject = 479868D925ABB07F00340BF3 /* Project object */;
}
