// !$*UTF8*$!
{
	archiveVersion = 1;
	classes = {
	};
	objectVersion = 50;
	objects = {

/* Begin PBXBuildFile section */
		47B5C6A425AC53FC00EC7B4D /* iOS_Xcode_12_webappApp.swift in Sources */ = {isa = PBXBuildFile; fileRef = 47B5C6A325AC53FC00EC7B4D /* iOS_Xcode_12_webappApp.swift */; };
		47B5C6A625AC53FC00EC7B4D /* ContentView.swift in Sources */ = {isa = PBXBuildFile; fileRef = 47B5C6A525AC53FC00EC7B4D /* ContentView.swift */; };
		47B5C6A825AC53FE00EC7B4D /* Assets.xcassets in Resources */ = {isa = PBXBuildFile; fileRef = 47B5C6A725AC53FE00EC7B4D /* Assets.xcassets */; };
		47B5C6AB25AC53FE00EC7B4D /* Preview Assets.xcassets in Resources */ = {isa = PBXBuildFile; fileRef = 47B5C6AA25AC53FE00EC7B4D /* Preview Assets.xcassets */; };
		47B5C6B625AC53FE00EC7B4D /* iOS_Xcode_12_webappTests.swift in Sources */ = {isa = PBXBuildFile; fileRef = 47B5C6B525AC53FE00EC7B4D /* iOS_Xcode_12_webappTests.swift */; };
		47B5C6C125AC53FE00EC7B4D /* iOS_Xcode_12_webappUITests.swift in Sources */ = {isa = PBXBuildFile; fileRef = 47B5C6C025AC53FE00EC7B4D /* iOS_Xcode_12_webappUITests.swift */; };
		47B5C6D225AC561200EC7B4D /* webview.swift in Sources */ = {isa = PBXBuildFile; fileRef = 47B5C6D125AC561200EC7B4D /* webview.swift */; };
/* End PBXBuildFile section */

/* Begin PBXContainerItemProxy section */
		47B5C6B225AC53FE00EC7B4D /* PBXContainerItemProxy */ = {
			isa = PBXContainerItemProxy;
			containerPortal = 47B5C69825AC53FC00EC7B4D /* Project object */;
			proxyType = 1;
			remoteGlobalIDString = 47B5C69F25AC53FC00EC7B4D;
			remoteInfo = "iOS Xcode 12 webapp";
		};
		47B5C6BD25AC53FE00EC7B4D /* PBXContainerItemProxy */ = {
			isa = PBXContainerItemProxy;
			containerPortal = 47B5C69825AC53FC00EC7B4D /* Project object */;
			proxyType = 1;
			remoteGlobalIDString = 47B5C69F25AC53FC00EC7B4D;
			remoteInfo = "iOS Xcode 12 webapp";
		};
/* End PBXContainerItemProxy section */

/* Begin PBXFileReference section */
		47B5C6A025AC53FC00EC7B4D /* iOS Xcode 12 webapp.app */ = {isa = PBXFileReference; explicitFileType = wrapper.application; includeInIndex = 0; path = "iOS Xcode 12 webapp.app"; sourceTree = BUILT_PRODUCTS_DIR; };
		47B5C6A325AC53FC00EC7B4D /* iOS_Xcode_12_webappApp.swift */ = {isa = PBXFileReference; lastKnownFileType = sourcecode.swift; path = iOS_Xcode_12_webappApp.swift; sourceTree = "<group>"; };
		47B5C6A525AC53FC00EC7B4D /* ContentView.swift */ = {isa = PBXFileReference; lastKnownFileType = sourcecode.swift; path = ContentView.swift; sourceTree = "<group>"; };
		47B5C6A725AC53FE00EC7B4D /* Assets.xcassets */ = {isa = PBXFileReference; lastKnownFileType = folder.assetcatalog; path = Assets.xcassets; sourceTree = "<group>"; };
		47B5C6AA25AC53FE00EC7B4D /* Preview Assets.xcassets */ = {isa = PBXFileReference; lastKnownFileType = folder.assetcatalog; path = "Preview Assets.xcassets"; sourceTree = "<group>"; };
		47B5C6AC25AC53FE00EC7B4D /* Info.plist */ = {isa = PBXFileReference; lastKnownFileType = text.plist.xml; path = Info.plist; sourceTree = "<group>"; };
		47B5C6B125AC53FE00EC7B4D /* iOS Xcode 12 webappTests.xctest */ = {isa = PBXFileReference; explicitFileType = wrapper.cfbundle; includeInIndex = 0; path = "iOS Xcode 12 webappTests.xctest"; sourceTree = BUILT_PRODUCTS_DIR; };
		47B5C6B525AC53FE00EC7B4D /* iOS_Xcode_12_webappTests.swift */ = {isa = PBXFileReference; lastKnownFileType = sourcecode.swift; path = iOS_Xcode_12_webappTests.swift; sourceTree = "<group>"; };
		47B5C6B725AC53FE00EC7B4D /* Info.plist */ = {isa = PBXFileReference; lastKnownFileType = text.plist.xml; path = Info.plist; sourceTree = "<group>"; };
		47B5C6BC25AC53FE00EC7B4D /* iOS Xcode 12 webappUITests.xctest */ = {isa = PBXFileReference; explicitFileType = wrapper.cfbundle; includeInIndex = 0; path = "iOS Xcode 12 webappUITests.xctest"; sourceTree = BUILT_PRODUCTS_DIR; };
		47B5C6C025AC53FE00EC7B4D /* iOS_Xcode_12_webappUITests.swift */ = {isa = PBXFileReference; lastKnownFileType = sourcecode.swift; path = iOS_Xcode_12_webappUITests.swift; sourceTree = "<group>"; };
		47B5C6C225AC53FE00EC7B4D /* Info.plist */ = {isa = PBXFileReference; lastKnownFileType = text.plist.xml; path = Info.plist; sourceTree = "<group>"; };
		47B5C6D125AC561200EC7B4D /* webview.swift */ = {isa = PBXFileReference; lastKnownFileType = sourcecode.swift; path = webview.swift; sourceTree = "<group>"; };
/* End PBXFileReference section */

/* Begin PBXFrameworksBuildPhase section */
		47B5C69D25AC53FC00EC7B4D /* Frameworks */ = {
			isa = PBXFrameworksBuildPhase;
			buildActionMask = 2147483647;
			files = (
			);
			runOnlyForDeploymentPostprocessing = 0;
		};
		47B5C6AE25AC53FE00EC7B4D /* Frameworks */ = {
			isa = PBXFrameworksBuildPhase;
			buildActionMask = 2147483647;
			files = (
			);
			runOnlyForDeploymentPostprocessing = 0;
		};
		47B5C6B925AC53FE00EC7B4D /* Frameworks */ = {
			isa = PBXFrameworksBuildPhase;
			buildActionMask = 2147483647;
			files = (
			);
			runOnlyForDeploymentPostprocessing = 0;
		};
/* End PBXFrameworksBuildPhase section */

/* Begin PBXGroup section */
		47B5C69725AC53FC00EC7B4D = {
			isa = PBXGroup;
			children = (
				47B5C6A225AC53FC00EC7B4D /* iOS Xcode 12 webapp */,
				47B5C6B425AC53FE00EC7B4D /* iOS Xcode 12 webappTests */,
				47B5C6BF25AC53FE00EC7B4D /* iOS Xcode 12 webappUITests */,
				47B5C6A125AC53FC00EC7B4D /* Products */,
			);
			sourceTree = "<group>";
		};
		47B5C6A125AC53FC00EC7B4D /* Products */ = {
			isa = PBXGroup;
			children = (
				47B5C6A025AC53FC00EC7B4D /* iOS Xcode 12 webapp.app */,
				47B5C6B125AC53FE00EC7B4D /* iOS Xcode 12 webappTests.xctest */,
				47B5C6BC25AC53FE00EC7B4D /* iOS Xcode 12 webappUITests.xctest */,
			);
			name = Products;
			sourceTree = "<group>";
		};
		47B5C6A225AC53FC00EC7B4D /* iOS Xcode 12 webapp */ = {
			isa = PBXGroup;
			children = (
				47B5C6A325AC53FC00EC7B4D /* iOS_Xcode_12_webappApp.swift */,
				47B5C6A525AC53FC00EC7B4D /* ContentView.swift */,
				47B5C6A725AC53FE00EC7B4D /* Assets.xcassets */,
				47B5C6AC25AC53FE00EC7B4D /* Info.plist */,
				47B5C6A925AC53FE00EC7B4D /* Preview Content */,
				47B5C6D125AC561200EC7B4D /* webview.swift */,
			);
			path = "iOS Xcode 12 webapp";
			sourceTree = "<group>";
		};
		47B5C6A925AC53FE00EC7B4D /* Preview Content */ = {
			isa = PBXGroup;
			children = (
				47B5C6AA25AC53FE00EC7B4D /* Preview Assets.xcassets */,
			);
			path = "Preview Content";
			sourceTree = "<group>";
		};
		47B5C6B425AC53FE00EC7B4D /* iOS Xcode 12 webappTests */ = {
			isa = PBXGroup;
			children = (
				47B5C6B525AC53FE00EC7B4D /* iOS_Xcode_12_webappTests.swift */,
				47B5C6B725AC53FE00EC7B4D /* Info.plist */,
			);
			path = "iOS Xcode 12 webappTests";
			sourceTree = "<group>";
		};
		47B5C6BF25AC53FE00EC7B4D /* iOS Xcode 12 webappUITests */ = {
			isa = PBXGroup;
			children = (
				47B5C6C025AC53FE00EC7B4D /* iOS_Xcode_12_webappUITests.swift */,
				47B5C6C225AC53FE00EC7B4D /* Info.plist */,
			);
			path = "iOS Xcode 12 webappUITests";
			sourceTree = "<group>";
		};
/* End PBXGroup section */

/* Begin PBXNativeTarget section */
		47B5C69F25AC53FC00EC7B4D /* iOS Xcode 12 webapp */ = {
			isa = PBXNativeTarget;
			buildConfigurationList = 47B5C6C525AC53FE00EC7B4D /* Build configuration list for PBXNativeTarget "iOS Xcode 12 webapp" */;
			buildPhases = (
				47B5C69C25AC53FC00EC7B4D /* Sources */,
				47B5C69D25AC53FC00EC7B4D /* Frameworks */,
				47B5C69E25AC53FC00EC7B4D /* Resources */,
			);
			buildRules = (
			);
			dependencies = (
			);
			name = "iOS Xcode 12 webapp";
			productName = "iOS Xcode 12 webapp";
			productReference = 47B5C6A025AC53FC00EC7B4D /* iOS Xcode 12 webapp.app */;
			productType = "com.apple.product-type.application";
		};
		47B5C6B025AC53FE00EC7B4D /* iOS Xcode 12 webappTests */ = {
			isa = PBXNativeTarget;
			buildConfigurationList = 47B5C6C825AC53FE00EC7B4D /* Build configuration list for PBXNativeTarget "iOS Xcode 12 webappTests" */;
			buildPhases = (
				47B5C6AD25AC53FE00EC7B4D /* Sources */,
				47B5C6AE25AC53FE00EC7B4D /* Frameworks */,
				47B5C6AF25AC53FE00EC7B4D /* Resources */,
			);
			buildRules = (
			);
			dependencies = (
				47B5C6B325AC53FE00EC7B4D /* PBXTargetDependency */,
			);
			name = "iOS Xcode 12 webappTests";
			productName = "iOS Xcode 12 webappTests";
			productReference = 47B5C6B125AC53FE00EC7B4D /* iOS Xcode 12 webappTests.xctest */;
			productType = "com.apple.product-type.bundle.unit-test";
		};
		47B5C6BB25AC53FE00EC7B4D /* iOS Xcode 12 webappUITests */ = {
			isa = PBXNativeTarget;
			buildConfigurationList = 47B5C6CB25AC53FE00EC7B4D /* Build configuration list for PBXNativeTarget "iOS Xcode 12 webappUITests" */;
			buildPhases = (
				47B5C6B825AC53FE00EC7B4D /* Sources */,
				47B5C6B925AC53FE00EC7B4D /* Frameworks */,
				47B5C6BA25AC53FE00EC7B4D /* Resources */,
			);
			buildRules = (
			);
			dependencies = (
				47B5C6BE25AC53FE00EC7B4D /* PBXTargetDependency */,
			);
			name = "iOS Xcode 12 webappUITests";
			productName = "iOS Xcode 12 webappUITests";
			productReference = 47B5C6BC25AC53FE00EC7B4D /* iOS Xcode 12 webappUITests.xctest */;
			productType = "com.apple.product-type.bundle.ui-testing";
		};
/* End PBXNativeTarget section */

/* Begin PBXProject section */
		47B5C69825AC53FC00EC7B4D /* Project object */ = {
			isa = PBXProject;
			attributes = {
				LastSwiftUpdateCheck = 1230;
				LastUpgradeCheck = 1230;
				TargetAttributes = {
					47B5C69F25AC53FC00EC7B4D = {
						CreatedOnToolsVersion = 12.3;
					};
					47B5C6B025AC53FE00EC7B4D = {
						CreatedOnToolsVersion = 12.3;
						TestTargetID = 47B5C69F25AC53FC00EC7B4D;
					};
					47B5C6BB25AC53FE00EC7B4D = {
						CreatedOnToolsVersion = 12.3;
						TestTargetID = 47B5C69F25AC53FC00EC7B4D;
					};
				};
			};
			buildConfigurationList = 47B5C69B25AC53FC00EC7B4D /* Build configuration list for PBXProject "iOS Xcode 12 webapp" */;
			compatibilityVersion = "Xcode 9.3";
			developmentRegion = en;
			hasScannedForEncodings = 0;
			knownRegions = (
				en,
				Base,
			);
			mainGroup = 47B5C69725AC53FC00EC7B4D;
			productRefGroup = 47B5C6A125AC53FC00EC7B4D /* Products */;
			projectDirPath = "";
			projectRoot = "";
			targets = (
				47B5C69F25AC53FC00EC7B4D /* iOS Xcode 12 webapp */,
				47B5C6B025AC53FE00EC7B4D /* iOS Xcode 12 webappTests */,
				47B5C6BB25AC53FE00EC7B4D /* iOS Xcode 12 webappUITests */,
			);
		};
/* End PBXProject section */

/* Begin PBXResourcesBuildPhase section */
		47B5C69E25AC53FC00EC7B4D /* Resources */ = {
			isa = PBXResourcesBuildPhase;
			buildActionMask = 2147483647;
			files = (
				47B5C6AB25AC53FE00EC7B4D /* Preview Assets.xcassets in Resources */,
				47B5C6A825AC53FE00EC7B4D /* Assets.xcassets in Resources */,
			);
			runOnlyForDeploymentPostprocessing = 0;
		};
		47B5C6AF25AC53FE00EC7B4D /* Resources */ = {
			isa = PBXResourcesBuildPhase;
			buildActionMask = 2147483647;
			files = (
			);
			runOnlyForDeploymentPostprocessing = 0;
		};
		47B5C6BA25AC53FE00EC7B4D /* Resources */ = {
			isa = PBXResourcesBuildPhase;
			buildActionMask = 2147483647;
			files = (
			);
			runOnlyForDeploymentPostprocessing = 0;
		};
/* End PBXResourcesBuildPhase section */

/* Begin PBXSourcesBuildPhase section */
		47B5C69C25AC53FC00EC7B4D /* Sources */ = {
			isa = PBXSourcesBuildPhase;
			buildActionMask = 2147483647;
			files = (
				47B5C6A625AC53FC00EC7B4D /* ContentView.swift in Sources */,
				47B5C6D225AC561200EC7B4D /* webview.swift in Sources */,
				47B5C6A425AC53FC00EC7B4D /* iOS_Xcode_12_webappApp.swift in Sources */,
			);
			runOnlyForDeploymentPostprocessing = 0;
		};
		47B5C6AD25AC53FE00EC7B4D /* Sources */ = {
			isa = PBXSourcesBuildPhase;
			buildActionMask = 2147483647;
			files = (
				47B5C6B625AC53FE00EC7B4D /* iOS_Xcode_12_webappTests.swift in Sources */,
			);
			runOnlyForDeploymentPostprocessing = 0;
		};
		47B5C6B825AC53FE00EC7B4D /* Sources */ = {
			isa = PBXSourcesBuildPhase;
			buildActionMask = 2147483647;
			files = (
				47B5C6C125AC53FE00EC7B4D /* iOS_Xcode_12_webappUITests.swift in Sources */,
			);
			runOnlyForDeploymentPostprocessing = 0;
		};
/* End PBXSourcesBuildPhase section */

/* Begin PBXTargetDependency section */
		47B5C6B325AC53FE00EC7B4D /* PBXTargetDependency */ = {
			isa = PBXTargetDependency;
			target = 47B5C69F25AC53FC00EC7B4D /* iOS Xcode 12 webapp */;
			targetProxy = 47B5C6B225AC53FE00EC7B4D /* PBXContainerItemProxy */;
		};
		47B5C6BE25AC53FE00EC7B4D /* PBXTargetDependency */ = {
			isa = PBXTargetDependency;
			target = 47B5C69F25AC53FC00EC7B4D /* iOS Xcode 12 webapp */;
			targetProxy = 47B5C6BD25AC53FE00EC7B4D /* PBXContainerItemProxy */;
		};
/* End PBXTargetDependency section */

/* Begin XCBuildConfiguration section */
		47B5C6C325AC53FE00EC7B4D /* Debug */ = {
			isa = XCBuildConfiguration;
			buildSettings = {
				ALWAYS_SEARCH_USER_PATHS = NO;
				CLANG_ANALYZER_NONNULL = YES;
				CLANG_ANALYZER_NUMBER_OBJECT_CONVERSION = YES_AGGRESSIVE;
				CLANG_CXX_LANGUAGE_STANDARD = "gnu++14";
				CLANG_CXX_LIBRARY = "libc++";
				CLANG_ENABLE_MODULES = YES;
				CLANG_ENABLE_OBJC_ARC = YES;
				CLANG_ENABLE_OBJC_WEAK = YES;
				CLANG_WARN_BLOCK_CAPTURE_AUTORELEASING = YES;
				CLANG_WARN_BOOL_CONVERSION = YES;
				CLANG_WARN_COMMA = YES;
				CLANG_WARN_CONSTANT_CONVERSION = YES;
				CLANG_WARN_DEPRECATED_OBJC_IMPLEMENTATIONS = YES;
				CLANG_WARN_DIRECT_OBJC_ISA_USAGE = YES_ERROR;
				CLANG_WARN_DOCUMENTATION_COMMENTS = YES;
				CLANG_WARN_EMPTY_BODY = YES;
				CLANG_WARN_ENUM_CONVERSION = YES;
				CLANG_WARN_INFINITE_RECURSION = YES;
				CLANG_WARN_INT_CONVERSION = YES;
				CLANG_WARN_NON_LITERAL_NULL_CONVERSION = YES;
				CLANG_WARN_OBJC_IMPLICIT_RETAIN_SELF = YES;
				CLANG_WARN_OBJC_LITERAL_CONVERSION = YES;
				CLANG_WARN_OBJC_ROOT_CLASS = YES_ERROR;
				CLANG_WARN_QUOTED_INCLUDE_IN_FRAMEWORK_HEADER = YES;
				CLANG_WARN_RANGE_LOOP_ANALYSIS = YES;
				CLANG_WARN_STRICT_PROTOTYPES = YES;
				CLANG_WARN_SUSPICIOUS_MOVE = YES;
				CLANG_WARN_UNGUARDED_AVAILABILITY = YES_AGGRESSIVE;
				CLANG_WARN_UNREACHABLE_CODE = YES;
				CLANG_WARN__DUPLICATE_METHOD_MATCH = YES;
				COPY_PHASE_STRIP = NO;
				DEBUG_INFORMATION_FORMAT = dwarf;
				ENABLE_STRICT_OBJC_MSGSEND = YES;
				ENABLE_TESTABILITY = YES;
				GCC_C_LANGUAGE_STANDARD = gnu11;
				GCC_DYNAMIC_NO_PIC = NO;
				GCC_NO_COMMON_BLOCKS = YES;
				GCC_OPTIMIZATION_LEVEL = 0;
				GCC_PREPROCESSOR_DEFINITIONS = (
					"DEBUG=1",
					"$(inherited)",
				);
				GCC_WARN_64_TO_32_BIT_CONVERSION = YES;
				GCC_WARN_ABOUT_RETURN_TYPE = YES_ERROR;
				GCC_WARN_UNDECLARED_SELECTOR = YES;
				GCC_WARN_UNINITIALIZED_AUTOS = YES_AGGRESSIVE;
				GCC_WARN_UNUSED_FUNCTION = YES;
				GCC_WARN_UNUSED_VARIABLE = YES;
				IPHONEOS_DEPLOYMENT_TARGET = 14.3;
				MTL_ENABLE_DEBUG_INFO = INCLUDE_SOURCE;
				MTL_FAST_MATH = YES;
				ONLY_ACTIVE_ARCH = YES;
				SDKROOT = iphoneos;
				SWIFT_ACTIVE_COMPILATION_CONDITIONS = DEBUG;
				SWIFT_OPTIMIZATION_LEVEL = "-Onone";
			};
			name = Debug;
		};
		47B5C6C425AC53FE00EC7B4D /* Release */ = {
			isa = XCBuildConfiguration;
			buildSettings = {
				ALWAYS_SEARCH_USER_PATHS = NO;
				CLANG_ANALYZER_NONNULL = YES;
				CLANG_ANALYZER_NUMBER_OBJECT_CONVERSION = YES_AGGRESSIVE;
				CLANG_CXX_LANGUAGE_STANDARD = "gnu++14";
				CLANG_CXX_LIBRARY = "libc++";
				CLANG_ENABLE_MODULES = YES;
				CLANG_ENABLE_OBJC_ARC = YES;
				CLANG_ENABLE_OBJC_WEAK = YES;
				CLANG_WARN_BLOCK_CAPTURE_AUTORELEASING = YES;
				CLANG_WARN_BOOL_CONVERSION = YES;
				CLANG_WARN_COMMA = YES;
				CLANG_WARN_CONSTANT_CONVERSION = YES;
				CLANG_WARN_DEPRECATED_OBJC_IMPLEMENTATIONS = YES;
				CLANG_WARN_DIRECT_OBJC_ISA_USAGE = YES_ERROR;
				CLANG_WARN_DOCUMENTATION_COMMENTS = YES;
				CLANG_WARN_EMPTY_BODY = YES;
				CLANG_WARN_ENUM_CONVERSION = YES;
				CLANG_WARN_INFINITE_RECURSION = YES;
				CLANG_WARN_INT_CONVERSION = YES;
				CLANG_WARN_NON_LITERAL_NULL_CONVERSION = YES;
				CLANG_WARN_OBJC_IMPLICIT_RETAIN_SELF = YES;
				CLANG_WARN_OBJC_LITERAL_CONVERSION = YES;
				CLANG_WARN_OBJC_ROOT_CLASS = YES_ERROR;
				CLANG_WARN_QUOTED_INCLUDE_IN_FRAMEWORK_HEADER = YES;
				CLANG_WARN_RANGE_LOOP_ANALYSIS = YES;
				CLANG_WARN_STRICT_PROTOTYPES = YES;
				CLANG_WARN_SUSPICIOUS_MOVE = YES;
				CLANG_WARN_UNGUARDED_AVAILABILITY = YES_AGGRESSIVE;
				CLANG_WARN_UNREACHABLE_CODE = YES;
				CLANG_WARN__DUPLICATE_METHOD_MATCH = YES;
				COPY_PHASE_STRIP = NO;
				DEBUG_INFORMATION_FORMAT = "dwarf-with-dsym";
				ENABLE_NS_ASSERTIONS = NO;
				ENABLE_STRICT_OBJC_MSGSEND = YES;
				GCC_C_LANGUAGE_STANDARD = gnu11;
				GCC_NO_COMMON_BLOCKS = YES;
				GCC_WARN_64_TO_32_BIT_CONVERSION = YES;
				GCC_WARN_ABOUT_RETURN_TYPE = YES_ERROR;
				GCC_WARN_UNDECLARED_SELECTOR = YES;
				GCC_WARN_UNINITIALIZED_AUTOS = YES_AGGRESSIVE;
				GCC_WARN_UNUSED_FUNCTION = YES;
				GCC_WARN_UNUSED_VARIABLE = YES;
				IPHONEOS_DEPLOYMENT_TARGET = 14.3;
				MTL_ENABLE_DEBUG_INFO = NO;
				MTL_FAST_MATH = YES;
				SDKROOT = iphoneos;
				SWIFT_COMPILATION_MODE = wholemodule;
				SWIFT_OPTIMIZATION_LEVEL = "-O";
				VALIDATE_PRODUCT = YES;
			};
			name = Release;
		};
		47B5C6C625AC53FE00EC7B4D /* Debug */ = {
			isa = XCBuildConfiguration;
			buildSettings = {
				ASSETCATALOG_COMPILER_APPICON_NAME = AppIcon;
				ASSETCATALOG_COMPILER_GLOBAL_ACCENT_COLOR_NAME = AccentColor;
				CODE_SIGN_STYLE = Automatic;
				DEVELOPMENT_ASSET_PATHS = "\"iOS Xcode 12 webapp/Preview Content\"";
				ENABLE_PREVIEWS = YES;
				INFOPLIST_FILE = "iOS Xcode 12 webapp/Info.plist";
				IPHONEOS_DEPLOYMENT_TARGET = 14.0;
				LD_RUNPATH_SEARCH_PATHS = (
					"$(inherited)",
					"@executable_path/Frameworks",
				);
				PRODUCT_BUNDLE_IDENTIFIER = "webapp.iOS-Xcode-12-webapp";
				PRODUCT_NAME = "$(TARGET_NAME)";
				SWIFT_VERSION = 5.0;
				TARGETED_DEVICE_FAMILY = "1,2";
			};
			name = Debug;
		};
		47B5C6C725AC53FE00EC7B4D /* Release */ = {
			isa = XCBuildConfiguration;
			buildSettings = {
				ASSETCATALOG_COMPILER_APPICON_NAME = AppIcon;
				ASSETCATALOG_COMPILER_GLOBAL_ACCENT_COLOR_NAME = AccentColor;
				CODE_SIGN_STYLE = Automatic;
				DEVELOPMENT_ASSET_PATHS = "\"iOS Xcode 12 webapp/Preview Content\"";
				ENABLE_PREVIEWS = YES;
				INFOPLIST_FILE = "iOS Xcode 12 webapp/Info.plist";
				IPHONEOS_DEPLOYMENT_TARGET = 14.0;
				LD_RUNPATH_SEARCH_PATHS = (
					"$(inherited)",
					"@executable_path/Frameworks",
				);
				PRODUCT_BUNDLE_IDENTIFIER = "webapp.iOS-Xcode-12-webapp";
				PRODUCT_NAME = "$(TARGET_NAME)";
				SWIFT_VERSION = 5.0;
				TARGETED_DEVICE_FAMILY = "1,2";
			};
			name = Release;
		};
		47B5C6C925AC53FE00EC7B4D /* Debug */ = {
			isa = XCBuildConfiguration;
			buildSettings = {
				ALWAYS_EMBED_SWIFT_STANDARD_LIBRARIES = YES;
				BUNDLE_LOADER = "$(TEST_HOST)";
				CODE_SIGN_STYLE = Automatic;
				INFOPLIST_FILE = "iOS Xcode 12 webappTests/Info.plist";
				IPHONEOS_DEPLOYMENT_TARGET = 14.0;
				LD_RUNPATH_SEARCH_PATHS = (
					"$(inherited)",
					"@executable_path/Frameworks",
					"@loader_path/Frameworks",
				);
				PRODUCT_BUNDLE_IDENTIFIER = "webapp.iOS-Xcode-12-webappTests";
				PRODUCT_NAME = "$(TARGET_NAME)";
				SWIFT_VERSION = 5.0;
				TARGETED_DEVICE_FAMILY = "1,2";
				TEST_HOST = "$(BUILT_PRODUCTS_DIR)/iOS Xcode 12 webapp.app/iOS Xcode 12 webapp";
			};
			name = Debug;
		};
		47B5C6CA25AC53FE00EC7B4D /* Release */ = {
			isa = XCBuildConfiguration;
			buildSettings = {
				ALWAYS_EMBED_SWIFT_STANDARD_LIBRARIES = YES;
				BUNDLE_LOADER = "$(TEST_HOST)";
				CODE_SIGN_STYLE = Automatic;
				INFOPLIST_FILE = "iOS Xcode 12 webappTests/Info.plist";
				IPHONEOS_DEPLOYMENT_TARGET = 14.0;
				LD_RUNPATH_SEARCH_PATHS = (
					"$(inherited)",
					"@executable_path/Frameworks",
					"@loader_path/Frameworks",
				);
				PRODUCT_BUNDLE_IDENTIFIER = "webapp.iOS-Xcode-12-webappTests";
				PRODUCT_NAME = "$(TARGET_NAME)";
				SWIFT_VERSION = 5.0;
				TARGETED_DEVICE_FAMILY = "1,2";
				TEST_HOST = "$(BUILT_PRODUCTS_DIR)/iOS Xcode 12 webapp.app/iOS Xcode 12 webapp";
			};
			name = Release;
		};
		47B5C6CC25AC53FE00EC7B4D /* Debug */ = {
			isa = XCBuildConfiguration;
			buildSettings = {
				ALWAYS_EMBED_SWIFT_STANDARD_LIBRARIES = YES;
				CODE_SIGN_STYLE = Automatic;
				INFOPLIST_FILE = "iOS Xcode 12 webappUITests/Info.plist";
				LD_RUNPATH_SEARCH_PATHS = (
					"$(inherited)",
					"@executable_path/Frameworks",
					"@loader_path/Frameworks",
				);
				PRODUCT_BUNDLE_IDENTIFIER = "webapp.iOS-Xcode-12-webappUITests";
				PRODUCT_NAME = "$(TARGET_NAME)";
				SWIFT_VERSION = 5.0;
				TARGETED_DEVICE_FAMILY = "1,2";
				TEST_TARGET_NAME = "iOS Xcode 12 webapp";
			};
			name = Debug;
		};
		47B5C6CD25AC53FE00EC7B4D /* Release */ = {
			isa = XCBuildConfiguration;
			buildSettings = {
				ALWAYS_EMBED_SWIFT_STANDARD_LIBRARIES = YES;
				CODE_SIGN_STYLE = Automatic;
				INFOPLIST_FILE = "iOS Xcode 12 webappUITests/Info.plist";
				LD_RUNPATH_SEARCH_PATHS = (
					"$(inherited)",
					"@executable_path/Frameworks",
					"@loader_path/Frameworks",
				);
				PRODUCT_BUNDLE_IDENTIFIER = "webapp.iOS-Xcode-12-webappUITests";
				PRODUCT_NAME = "$(TARGET_NAME)";
				SWIFT_VERSION = 5.0;
				TARGETED_DEVICE_FAMILY = "1,2";
				TEST_TARGET_NAME = "iOS Xcode 12 webapp";
			};
			name = Release;
		};
/* End XCBuildConfiguration section */

/* Begin XCConfigurationList section */
		47B5C69B25AC53FC00EC7B4D /* Build configuration list for PBXProject "iOS Xcode 12 webapp" */ = {
			isa = XCConfigurationList;
			buildConfigurations = (
				47B5C6C325AC53FE00EC7B4D /* Debug */,
				47B5C6C425AC53FE00EC7B4D /* Release */,
			);
			defaultConfigurationIsVisible = 0;
			defaultConfigurationName = Release;
		};
		47B5C6C525AC53FE00EC7B4D /* Build configuration list for PBXNativeTarget "iOS Xcode 12 webapp" */ = {
			isa = XCConfigurationList;
			buildConfigurations = (
				47B5C6C625AC53FE00EC7B4D /* Debug */,
				47B5C6C725AC53FE00EC7B4D /* Release */,
			);
			defaultConfigurationIsVisible = 0;
			defaultConfigurationName = Release;
		};
		47B5C6C825AC53FE00EC7B4D /* Build configuration list for PBXNativeTarget "iOS Xcode 12 webappTests" */ = {
			isa = XCConfigurationList;
			buildConfigurations = (
				47B5C6C925AC53FE00EC7B4D /* Debug */,
				47B5C6CA25AC53FE00EC7B4D /* Release */,
			);
			defaultConfigurationIsVisible = 0;
			defaultConfigurationName = Release;
		};
		47B5C6CB25AC53FE00EC7B4D /* Build configuration list for PBXNativeTarget "iOS Xcode 12 webappUITests" */ = {
			isa = XCConfigurationList;
			buildConfigurations = (
				47B5C6CC25AC53FE00EC7B4D /* Debug */,
				47B5C6CD25AC53FE00EC7B4D /* Release */,
			);
			defaultConfigurationIsVisible = 0;
			defaultConfigurationName = Release;
		};
/* End XCConfigurationList section */
	};
	rootObject = 47B5C69825AC53FC00EC7B4D /* Project object */;
}
